
Microsoft Visual Studio Solution File, Format Version 12.00
# Visual Studio Version 16
VisualStudioVersion = 16.0.31729.503
MinimumVisualStudioVersion = 10.0.40219.1
Project("{FAE04EC0-301F-11D3-BF4B-00C04F79EFBC}") = "lekcija16.10", "lekcija16.10\lekcija16.10.csproj", "{C2C7EF82-38D8-41FC-9EFD-E5FC9C486035}"
EndProject
Global
	GlobalSection(SolutionConfigurationPlatforms) = preSolution
		Debug|Any CPU = Debug|Any CPU
		Release|Any CPU = Release|Any CPU
	EndGlobalSection
	GlobalSection(ProjectConfigurationPlatforms) = postSolution
		{C2C7EF82-38D8-41FC-9EFD-E5FC9C486035}.Debug|Any CPU.ActiveCfg = Debug|Any CPU
		{C2C7EF82-38D8-41FC-9EFD-E5FC9C486035}.Debug|Any CPU.Build.0 = Debug|Any CPU
		{C2C7EF82-38D8-41FC-9EFD-E5FC9C486035}.Release|Any CPU.ActiveCfg = Release|Any CPU
		{C2C7EF82-38D8-41FC-9EFD-E5FC9C486035}.Release|Any CPU.Build.0 = Release|Any CPU
	EndGlobalSection
	GlobalSection(SolutionProperties) = preSolution
		HideSolutionNode = FALSE
	EndGlobalSection
	GlobalSection(ExtensibilityGlobals) = postSolution
		SolutionGuid = {1184AC83-CFF5-4310-A162-80C5ED7F0C73}
	EndGlobalSection
EndGlobal
